
Microsoft Visual Studio Solution File, Format Version 12.00
# Visual Studio 15
VisualStudioVersion = 15.0.28307.421
MinimumVisualStudioVersion = 10.0.40219.1
Project("{FAE04EC0-301F-11D3-BF4B-00C04F79EFBC}") = "Practica Metodo", "Practica Metodo\Practica Metodo.csproj", "{EB27907F-6847-474A-A52C-E38A9DE627F5}"
EndProject
Global
	GlobalSection(SolutionConfigurationPlatforms) = preSolution
		Debug|Any CPU = Debug|Any CPU
		Release|Any CPU = Release|Any CPU
	EndGlobalSection
	GlobalSection(ProjectConfigurationPlatforms) = postSolution
		{EB27907F-6847-474A-A52C-E38A9DE627F5}.Debug|Any CPU.ActiveCfg = Debug|Any CPU
		{EB27907F-6847-474A-A52C-E38A9DE627F5}.Debug|Any CPU.Build.0 = Debug|Any CPU
		{EB27907F-6847-474A-A52C-E38A9DE627F5}.Release|Any CPU.ActiveCfg = Release|Any CPU
		{EB27907F-6847-474A-A52C-E38A9DE627F5}.Release|Any CPU.Build.0 = Release|Any CPU
	EndGlobalSection
	GlobalSection(SolutionProperties) = preSolution
		HideSolutionNode = FALSE
	EndGlobalSection
	GlobalSection(ExtensibilityGlobals) = postSolution
		SolutionGuid = {5F33E291-ED6C-4F86-97A7-7941A5F2D56A}
	EndGlobalSection
EndGlobal
