
Microsoft Visual Studio Solution File, Format Version 12.00
# Visual Studio 15
VisualStudioVersion = 15.0.28307.421
MinimumVisualStudioVersion = 10.0.40219.1
Project("{FAE04EC0-301F-11D3-BF4B-00C04F79EFBC}") = "Metodo suma", "Metodo suma\Metodo suma.csproj", "{AACF9DA1-849E-406F-BB27-43E70EDE173D}"
EndProject
Global
	GlobalSection(SolutionConfigurationPlatforms) = preSolution
		Debug|Any CPU = Debug|Any CPU
		Release|Any CPU = Release|Any CPU
	EndGlobalSection
	GlobalSection(ProjectConfigurationPlatforms) = postSolution
		{AACF9DA1-849E-406F-BB27-43E70EDE173D}.Debug|Any CPU.ActiveCfg = Debug|Any CPU
		{AACF9DA1-849E-406F-BB27-43E70EDE173D}.Debug|Any CPU.Build.0 = Debug|Any CPU
		{AACF9DA1-849E-406F-BB27-43E70EDE173D}.Release|Any CPU.ActiveCfg = Release|Any CPU
		{AACF9DA1-849E-406F-BB27-43E70EDE173D}.Release|Any CPU.Build.0 = Release|Any CPU
	EndGlobalSection
	GlobalSection(SolutionProperties) = preSolution
		HideSolutionNode = FALSE
	EndGlobalSection
	GlobalSection(ExtensibilityGlobals) = postSolution
		SolutionGuid = {6868F2A3-4A5C-4CA1-8768-C82E163B46B1}
	EndGlobalSection
EndGlobal
