
Microsoft Visual Studio Solution File, Format Version 12.00
# Visual Studio 15
VisualStudioVersion = 15.0.28307.489
MinimumVisualStudioVersion = 10.0.40219.1
Project("{FAE04EC0-301F-11D3-BF4B-00C04F79EFBC}") = "Array", "Array\Array.csproj", "{4299F3BB-AADE-412E-BE0B-A85723CF8052}"
EndProject
Global
	GlobalSection(SolutionConfigurationPlatforms) = preSolution
		Debug|Any CPU = Debug|Any CPU
		Release|Any CPU = Release|Any CPU
	EndGlobalSection
	GlobalSection(ProjectConfigurationPlatforms) = postSolution
		{4299F3BB-AADE-412E-BE0B-A85723CF8052}.Debug|Any CPU.ActiveCfg = Debug|Any CPU
		{4299F3BB-AADE-412E-BE0B-A85723CF8052}.Debug|Any CPU.Build.0 = Debug|Any CPU
		{4299F3BB-AADE-412E-BE0B-A85723CF8052}.Release|Any CPU.ActiveCfg = Release|Any CPU
		{4299F3BB-AADE-412E-BE0B-A85723CF8052}.Release|Any CPU.Build.0 = Release|Any CPU
	EndGlobalSection
	GlobalSection(SolutionProperties) = preSolution
		HideSolutionNode = FALSE
	EndGlobalSection
	GlobalSection(ExtensibilityGlobals) = postSolution
		SolutionGuid = {552396FB-F4E7-4057-8A36-439FDEC2463E}
	EndGlobalSection
EndGlobal
